
Microsoft Visual Studio Solution File, Format Version 12.00
# Visual Studio Version 17
VisualStudioVersion = 17.7.34031.279
MinimumVisualStudioVersion = 10.0.40219.1
Project("{FAE04EC0-301F-11D3-BF4B-00C04F79EFBC}") = "WebAPI", ".\WebAPI\WebAPI.csproj", "{B5D6D397-BD04-49BE-97D7-864A2A9484E6}"
EndProject
Project("{FAE04EC0-301F-11D3-BF4B-00C04F79EFBC}") = "Services", ".\Services\Services.csproj", "{87E47783-BD22-46F1-9663-59AAD720AA38}"
EndProject
Project("{FAE04EC0-301F-11D3-BF4B-00C04F79EFBC}") = "DataAccess", ".\DataAccess\DataAccess.csproj", "{1B44DBC7-5D81-4ABB-AD04-72DD7ECB3D7F}"
EndProject
Project("{FAE04EC0-301F-11D3-BF4B-00C04F79EFBC}") = "Models", ".\Models\Models.csproj", "{4115D287-A117-4968-89EB-ED035D0DC904}"
EndProject
Global
	GlobalSection(SolutionConfigurationPlatforms) = preSolution
		Debug|Any CPU = Debug|Any CPU
		Release|Any CPU = Release|Any CPU
	EndGlobalSection
	GlobalSection(ProjectConfigurationPlatforms) = postSolution
		{B5D6D397-BD04-49BE-97D7-864A2A9484E6}.Debug|Any CPU.ActiveCfg = Debug|Any CPU
		{B5D6D397-BD04-49BE-97D7-864A2A9484E6}.Debug|Any CPU.Build.0 = Debug|Any CPU
		{B5D6D397-BD04-49BE-97D7-864A2A9484E6}.Release|Any CPU.ActiveCfg = Release|Any CPU
		{B5D6D397-BD04-49BE-97D7-864A2A9484E6}.Release|Any CPU.Build.0 = Release|Any CPU
		{87E47783-BD22-46F1-9663-59AAD720AA38}.Debug|Any CPU.ActiveCfg = Debug|Any CPU
		{87E47783-BD22-46F1-9663-59AAD720AA38}.Debug|Any CPU.Build.0 = Debug|Any CPU
		{87E47783-BD22-46F1-9663-59AAD720AA38}.Release|Any CPU.ActiveCfg = Release|Any CPU
		{87E47783-BD22-46F1-9663-59AAD720AA38}.Release|Any CPU.Build.0 = Release|Any CPU
		{1B44DBC7-5D81-4ABB-AD04-72DD7ECB3D7F}.Debug|Any CPU.ActiveCfg = Debug|Any CPU
		{1B44DBC7-5D81-4ABB-AD04-72DD7ECB3D7F}.Debug|Any CPU.Build.0 = Debug|Any CPU
		{1B44DBC7-5D81-4ABB-AD04-72DD7ECB3D7F}.Release|Any CPU.ActiveCfg = Release|Any CPU
		{1B44DBC7-5D81-4ABB-AD04-72DD7ECB3D7F}.Release|Any CPU.Build.0 = Release|Any CPU
		{4115D287-A117-4968-89EB-ED035D0DC904}.Debug|Any CPU.ActiveCfg = Debug|Any CPU
		{4115D287-A117-4968-89EB-ED035D0DC904}.Debug|Any CPU.Build.0 = Debug|Any CPU
		{4115D287-A117-4968-89EB-ED035D0DC904}.Release|Any CPU.ActiveCfg = Release|Any CPU
		{4115D287-A117-4968-89EB-ED035D0DC904}.Release|Any CPU.Build.0 = Release|Any CPU
	EndGlobalSection
	GlobalSection(SolutionProperties) = preSolution
		HideSolutionNode = FALSE
	EndGlobalSection
	GlobalSection(ExtensibilityGlobals) = postSolution
		SolutionGuid = {949FED29-0861-4566-8FAE-10B9D451E89E}
	EndGlobalSection
EndGlobal
